// !$*UTF8*$!
{
	archiveVersion = 1;
	classes = {
	};
	objectVersion = 46;
	objects = {

/* Begin PBXBuildFile section */
		D57CD6E91C2FE27F00E29F7E /* main.swift in Sources */ = {isa = PBXBuildFile; fileRef = D57CD6E81C2FE27F00E29F7E /* main.swift */; };
/* End PBXBuildFile section */

/* Begin PBXCopyFilesBuildPhase section */
		D57CD6E31C2FE27F00E29F7E /* CopyFiles */ = {
			isa = PBXCopyFilesBuildPhase;
			buildActionMask = 2147483647;
			dstPath = /usr/share/man/man1/;
			dstSubfolderSpec = 0;
			files = (
			);
			runOnlyForDeploymentPostprocessing = 1;
		};
/* End PBXCopyFilesBuildPhase section */

/* Begin PBXFileReference section */
		D57CD6E51C2FE27F00E29F7E /* Variable and Constants */ = {isa = PBXFileReference; includeInIndex = 0; lastKnownFileType = "compiled.mach-o.executable"; path = "Variable and Constants"; sourceTree = BUILT_PRODUCTS_DIR; };
		D57CD6E81C2FE27F00E29F7E /* main.swift */ = {isa = PBXFileReference; lastKnownFileType = sourcecode.swift; path = main.swift; sourceTree = "<group>"; };
/* End PBXFileReference section */

/* Begin PBXFrameworksBuildPhase section */
		D57CD6E21C2FE27F00E29F7E /* Frameworks */ = {
			isa = PBXFrameworksBuildPhase;
			buildActionMask = 2147483647;
			files = (
			);
			runOnlyForDeploymentPostprocessing = 0;
		};
/* End PBXFrameworksBuildPhase section */

/* Begin PBXGroup section */
		D57CD6DC1C2FE27F00E29F7E = {
			isa = PBXGroup;
			children = (
				D57CD6E71C2FE27F00E29F7E /* Variable and Constants */,
				D57CD6E61C2FE27F00E29F7E /* Products */,
			);
			sourceTree = "<group>";
		};
		D57CD6E61C2FE27F00E29F7E /* Products */ = {
			isa = PBXGroup;
			children = (
				D57CD6E51C2FE27F00E29F7E /* Variable and Constants */,
			);
			name = Products;
			sourceTree = "<group>";
		};
		D57CD6E71C2FE27F00E29F7E /* Variable and Constants */ = {
			isa = PBXGroup;
			children = (
				D57CD6E81C2FE27F00E29F7E /* main.swift */,
			);
			path = "Variable and Constants";
			sourceTree = "<group>";
		};
/* End PBXGroup section */

/* Begin PBXNativeTarget section */
		D57CD6E41C2FE27F00E29F7E /* Variable and Constants */ = {
			isa = PBXNativeTarget;
			buildConfigurationList = D57CD6EC1C2FE27F00E29F7E /* Build configuration list for PBXNativeTarget "Variable and Constants" */;
			buildPhases = (
				D57CD6E11C2FE27F00E29F7E /* Sources */,
				D57CD6E21C2FE27F00E29F7E /* Frameworks */,
				D57CD6E31C2FE27F00E29F7E /* CopyFiles */,
			);
			buildRules = (
			);
			dependencies = (
			);
			name = "Variable and Constants";
			productName = "Variable and Constants";
			productReference = D57CD6E51C2FE27F00E29F7E /* Variable and Constants */;
			productType = "com.apple.product-type.tool";
		};
/* End PBXNativeTarget section */

/* Begin PBXProject section */
		D57CD6DD1C2FE27F00E29F7E /* Project object */ = {
			isa = PBXProject;
			attributes = {
				LastSwiftUpdateCheck = 0720;
				LastUpgradeCheck = 0720;
				ORGANIZATIONNAME = "Prathmesh Ranaut";
				TargetAttributes = {
					D57CD6E41C2FE27F00E29F7E = {
						CreatedOnToolsVersion = 7.2;
					};
				};
			};
			buildConfigurationList = D57CD6E01C2FE27F00E29F7E /* Build configuration list for PBXProject "Variable and Constants" */;
			compatibilityVersion = "Xcode 3.2";
			developmentRegion = English;
			hasScannedForEncodings = 0;
			knownRegions = (
				en,
			);
			mainGroup = D57CD6DC1C2FE27F00E29F7E;
			productRefGroup = D57CD6E61C2FE27F00E29F7E /* Products */;
			projectDirPath = "";
			projectRoot = "";
			targets = (
				D57CD6E41C2FE27F00E29F7E /* Variable and Constants */,
			);
		};
/* End PBXProject section */

/* Begin PBXSourcesBuildPhase section */
		D57CD6E11C2FE27F00E29F7E /* Sources */ = {
			isa = PBXSourcesBuildPhase;
			buildActionMask = 2147483647;
			files = (
				D57CD6E91C2FE27F00E29F7E /* main.swift in Sources */,
			);
			runOnlyForDeploymentPostprocessing = 0;
		};
/* End PBXSourcesBuildPhase section */

/* Begin XCBuildConfiguration section */
		D57CD6EA1C2FE27F00E29F7E /* Debug */ = {
			isa = XCBuildConfiguration;
			buildSettings = {
				ALWAYS_SEARCH_USER_PATHS = NO;
				CLANG_CXX_LANGUAGE_STANDARD = "gnu++0x";
				CLANG_CXX_LIBRARY = "libc++";
				CLANG_ENABLE_MODULES = YES;
				CLANG_ENABLE_OBJC_ARC = YES;
				CLANG_WARN_BOOL_CONVERSION = YES;
				CLANG_WARN_CONSTANT_CONVERSION = YES;
				CLANG_WARN_DIRECT_OBJC_ISA_USAGE = YES_ERROR;
				CLANG_WARN_EMPTY_BODY = YES;
				CLANG_WARN_ENUM_CONVERSION = YES;
				CLANG_WARN_INT_CONVERSION = YES;
				CLANG_WARN_OBJC_ROOT_CLASS = YES_ERROR;
				CLANG_WARN_UNREACHABLE_CODE = YES;
				CLANG_WARN__DUPLICATE_METHOD_MATCH = YES;
				CODE_SIGN_IDENTITY = "-";
				COPY_PHASE_STRIP = NO;
				DEBUG_INFORMATION_FORMAT = dwarf;
				ENABLE_STRICT_OBJC_MSGSEND = YES;
				ENABLE_TESTABILITY = YES;
				GCC_C_LANGUAGE_STANDARD = gnu99;
				GCC_DYNAMIC_NO_PIC = NO;
				GCC_NO_COMMON_BLOCKS = YES;
				GCC_OPTIMIZATION_LEVEL = 0;
				GCC_PREPROCESSOR_DEFINITIONS = (
					"DEBUG=1",
					"$(inherited)",
				);
				GCC_WARN_64_TO_32_BIT_CONVERSION = YES;
				GCC_WARN_ABOUT_RETURN_TYPE = YES_ERROR;
				GCC_WARN_UNDECLARED_SELECTOR = YES;
				GCC_WARN_UNINITIALIZED_AUTOS = YES_AGGRESSIVE;
				GCC_WARN_UNUSED_FUNCTION = YES;
				GCC_WARN_UNUSED_VARIABLE = YES;
				MACOSX_DEPLOYMENT_TARGET = 10.11;
				MTL_ENABLE_DEBUG_INFO = YES;
				ONLY_ACTIVE_ARCH = YES;
				SDKROOT = macosx;
				SWIFT_OPTIMIZATION_LEVEL = "-Onone";
			};
			name = Debug;
		};
		D57CD6EB1C2FE27F00E29F7E /* Release */ = {
			isa = XCBuildConfiguration;
			buildSettings = {
				ALWAYS_SEARCH_USER_PATHS = NO;
				CLANG_CXX_LANGUAGE_STANDARD = "gnu++0x";
				CLANG_CXX_LIBRARY = "libc++";
				CLANG_ENABLE_MODULES = YES;
				CLANG_ENABLE_OBJC_ARC = YES;
				CLANG_WARN_BOOL_CONVERSION = YES;
				CLANG_WARN_CONSTANT_CONVERSION = YES;
				CLANG_WARN_DIRECT_OBJC_ISA_USAGE = YES_ERROR;
				CLANG_WARN_EMPTY_BODY = YES;
				CLANG_WARN_ENUM_CONVERSION = YES;
				CLANG_WARN_INT_CONVERSION = YES;
				CLANG_WARN_OBJC_ROOT_CLASS = YES_ERROR;
				CLANG_WARN_UNREACHABLE_CODE = YES;
				CLANG_WARN__DUPLICATE_METHOD_MATCH = YES;
				CODE_SIGN_IDENTITY = "-";
				COPY_PHASE_STRIP = NO;
				DEBUG_INFORMATION_FORMAT = "dwarf-with-dsym";
				ENABLE_NS_ASSERTIONS = NO;
				ENABLE_STRICT_OBJC_MSGSEND = YES;
				GCC_C_LANGUAGE_STANDARD = gnu99;
				GCC_NO_COMMON_BLOCKS = YES;
				GCC_WARN_64_TO_32_BIT_CONVERSION = YES;
				GCC_WARN_ABOUT_RETURN_TYPE = YES_ERROR;
				GCC_WARN_UNDECLARED_SELECTOR = YES;
				GCC_WARN_UNINITIALIZED_AUTOS = YES_AGGRESSIVE;
				GCC_WARN_UNUSED_FUNCTION = YES;
				GCC_WARN_UNUSED_VARIABLE = YES;
				MACOSX_DEPLOYMENT_TARGET = 10.11;
				MTL_ENABLE_DEBUG_INFO = NO;
				SDKROOT = macosx;
			};
			name = Release;
		};
		D57CD6ED1C2FE27F00E29F7E /* Debug */ = {
			isa = XCBuildConfiguration;
			buildSettings = {
				PRODUCT_NAME = "$(TARGET_NAME)";
			};
			name = Debug;
		};
		D57CD6EE1C2FE27F00E29F7E /* Release */ = {
			isa = XCBuildConfiguration;
			buildSettings = {
				PRODUCT_NAME = "$(TARGET_NAME)";
			};
			name = Release;
		};
/* End XCBuildConfiguration section */

/* Begin XCConfigurationList section */
		D57CD6E01C2FE27F00E29F7E /* Build configuration list for PBXProject "Variable and Constants" */ = {
			isa = XCConfigurationList;
			buildConfigurations = (
				D57CD6EA1C2FE27F00E29F7E /* Debug */,
				D57CD6EB1C2FE27F00E29F7E /* Release */,
			);
			defaultConfigurationIsVisible = 0;
			defaultConfigurationName = Release;
		};
		D57CD6EC1C2FE27F00E29F7E /* Build configuration list for PBXNativeTarget "Variable and Constants" */ = {
			isa = XCConfigurationList;
			buildConfigurations = (
				D57CD6ED1C2FE27F00E29F7E /* Debug */,
				D57CD6EE1C2FE27F00E29F7E /* Release */,
			);
			defaultConfigurationIsVisible = 0;
		};
/* End XCConfigurationList section */
	};
	rootObject = D57CD6DD1C2FE27F00E29F7E /* Project object */;
}
